
Microsoft Visual Studio Solution File, Format Version 12.00
# Visual Studio 2012
Project("{FAE04EC0-301F-11D3-BF4B-00C04F79EFBC}") = "Tomboy.iOS", "Tomboy.iOS\Tomboy.iOS.csproj", "{BB13FACA-BBBB-4CD3-88C6-3FB4B48BE965}"
EndProject
Project("{FAE04EC0-301F-11D3-BF4B-00C04F79EFBC}") = "Tomboy-library", "..\tomboy-library\Tomboy-library\Tomboy-library.csproj", "{040AA912-9738-438A-A7FD-5BB02C40C30A}"
EndProject
Global
	GlobalSection(SolutionConfigurationPlatforms) = preSolution
		Debug|iPhoneSimulator = Debug|iPhoneSimulator
		Release|iPhoneSimulator = Release|iPhoneSimulator
		Debug|iPhone = Debug|iPhone
		Release|iPhone = Release|iPhone
		Ad-Hoc|iPhone = Ad-Hoc|iPhone
		AppStore|iPhone = AppStore|iPhone
		UnitTesting|Any CPU = UnitTesting|Any CPU
	EndGlobalSection
	GlobalSection(ProjectConfigurationPlatforms) = postSolution
		{040AA912-9738-438A-A7FD-5BB02C40C30A}.Ad-Hoc|iPhone.ActiveCfg = Release|Any CPU
		{040AA912-9738-438A-A7FD-5BB02C40C30A}.Ad-Hoc|iPhone.Build.0 = Release|Any CPU
		{040AA912-9738-438A-A7FD-5BB02C40C30A}.AppStore|iPhone.ActiveCfg = Release|Any CPU
		{040AA912-9738-438A-A7FD-5BB02C40C30A}.AppStore|iPhone.Build.0 = Release|Any CPU
		{040AA912-9738-438A-A7FD-5BB02C40C30A}.Debug|iPhone.ActiveCfg = Debug|Any CPU
		{040AA912-9738-438A-A7FD-5BB02C40C30A}.Debug|iPhone.Build.0 = Debug|Any CPU
		{040AA912-9738-438A-A7FD-5BB02C40C30A}.Debug|iPhoneSimulator.ActiveCfg = Debug|Any CPU
		{040AA912-9738-438A-A7FD-5BB02C40C30A}.Debug|iPhoneSimulator.Build.0 = Debug|Any CPU
		{040AA912-9738-438A-A7FD-5BB02C40C30A}.Release|iPhone.ActiveCfg = Release|Any CPU
		{040AA912-9738-438A-A7FD-5BB02C40C30A}.Release|iPhone.Build.0 = Release|Any CPU
		{040AA912-9738-438A-A7FD-5BB02C40C30A}.Release|iPhoneSimulator.ActiveCfg = Release|Any CPU
		{040AA912-9738-438A-A7FD-5BB02C40C30A}.Release|iPhoneSimulator.Build.0 = Release|Any CPU
		{040AA912-9738-438A-A7FD-5BB02C40C30A}.UnitTesting|Any CPU.ActiveCfg = UnitTesting|Any CPU
		{040AA912-9738-438A-A7FD-5BB02C40C30A}.UnitTesting|Any CPU.Build.0 = UnitTesting|Any CPU
		{BB13FACA-BBBB-4CD3-88C6-3FB4B48BE965}.Ad-Hoc|iPhone.ActiveCfg = Ad-Hoc|iPhone
		{BB13FACA-BBBB-4CD3-88C6-3FB4B48BE965}.Ad-Hoc|iPhone.Build.0 = Ad-Hoc|iPhone
		{BB13FACA-BBBB-4CD3-88C6-3FB4B48BE965}.AppStore|iPhone.ActiveCfg = AppStore|iPhone
		{BB13FACA-BBBB-4CD3-88C6-3FB4B48BE965}.AppStore|iPhone.Build.0 = AppStore|iPhone
		{BB13FACA-BBBB-4CD3-88C6-3FB4B48BE965}.Debug|iPhone.ActiveCfg = Debug|iPhone
		{BB13FACA-BBBB-4CD3-88C6-3FB4B48BE965}.Debug|iPhone.Build.0 = Debug|iPhone
		{BB13FACA-BBBB-4CD3-88C6-3FB4B48BE965}.Debug|iPhoneSimulator.ActiveCfg = Debug|iPhoneSimulator
		{BB13FACA-BBBB-4CD3-88C6-3FB4B48BE965}.Debug|iPhoneSimulator.Build.0 = Debug|iPhoneSimulator
		{BB13FACA-BBBB-4CD3-88C6-3FB4B48BE965}.Release|iPhone.ActiveCfg = Release|iPhone
		{BB13FACA-BBBB-4CD3-88C6-3FB4B48BE965}.Release|iPhone.Build.0 = Release|iPhone
		{BB13FACA-BBBB-4CD3-88C6-3FB4B48BE965}.Release|iPhoneSimulator.ActiveCfg = Release|iPhoneSimulator
		{BB13FACA-BBBB-4CD3-88C6-3FB4B48BE965}.Release|iPhoneSimulator.Build.0 = Release|iPhoneSimulator
		{BB13FACA-BBBB-4CD3-88C6-3FB4B48BE965}.UnitTesting|Any CPU.ActiveCfg = Debug|iPhoneSimulator
		{BB13FACA-BBBB-4CD3-88C6-3FB4B48BE965}.UnitTesting|Any CPU.Build.0 = Debug|iPhoneSimulator
	EndGlobalSection
	GlobalSection(MonoDevelopProperties) = preSolution
		StartupItem = Tomboy.iOS\Tomboy.iOS.csproj
	EndGlobalSection
EndGlobal
